# This file is generated by running "yarn install" inside your project.
# Manual changes might be lost - proceed with caution!

__metadata:
  version: 4
  cacheKey: 8

"after@npm:0.8.2":
  version: 0.8.2
  resolution: "after@npm:0.8.2"
  checksum: 52ea9be2e97d764de256dfb3843d68cb180d2d464748010ea0d8079ee28190190080a53e4005a62adbf4337c2d613906db82f08c0091cccb8e817625ccf94c52
  languageName: node
  linkType: hard

"arraybuffer.slice@npm:~0.0.7":
  version: 0.0.7
  resolution: "arraybuffer.slice@npm:0.0.7"
  checksum: c6bacada71e8fe3e63c5f5ac5f23810e617faa1bcf33be21db43f40819edc7e186172d4a6fb8f1b9baea26689fc8da6ddeb78cefa2cc9723156c0247c3587118
  languageName: node
  linkType: hard

"backo2@npm:1.0.2":
  version: 1.0.2
  resolution: "backo2@npm:1.0.2"
  checksum: fda8d0a0f4810068d23715f2f45153146d6ee8f62dd827ce1e0b6cc3c8328e84ad61e11399a83931705cef702fe7cbb457856bf99b9bd10c4ed57b0786252385
  languageName: node
  linkType: hard

"base64-arraybuffer@npm:0.1.4":
  version: 0.1.4
  resolution: "base64-arraybuffer@npm:0.1.4"
  checksum: d249a929e27b2430d7ba1527e91a36e14da37ae2f80e350c4d696a038257718f8da07577e820e7262f86a0ecd573c283db10c46502080f53ae11bfdd99b6a029
  languageName: node
  linkType: hard

"blob@npm:0.0.5":
  version: 0.0.5
  resolution: "blob@npm:0.0.5"
  checksum: ca6a025f1108b7fd317fba0a0d64424f5cf47be6f4653ec8ba44777804a4e5c86c8d7a7e41f75fe52fd77c5bfc3479f68e017abe649a241c15c3fc07bfc59e7b
  languageName: node
  linkType: hard

"component-bind@npm:1.0.0":
  version: 1.0.0
  resolution: "component-bind@npm:1.0.0"
  checksum: 746c5810b9f8735643840ad04072e1ab817444d44dc1aadc813f1f1a17c47c27616584caa0db93db7e687bfe73b65073d8246c785bcdac80f8f3627d3bb26883
  languageName: node
  linkType: hard

"component-emitter@npm:~1.3.0":
  version: 1.3.0
  resolution: "component-emitter@npm:1.3.0"
  checksum: b3c46de38ffd35c57d1c02488355be9f218e582aec72d72d1b8bbec95a3ac1b38c96cd6e03ff015577e68f550fbb361a3bfdbd9bb248be9390b7b3745691be6b
  languageName: node
  linkType: hard

"component-inherit@npm:0.0.3":
  version: 0.0.3
  resolution: "component-inherit@npm:0.0.3"
  checksum: 9f5b872a6b3a396cf827d471d07db5626d7918202ab6c1d59f2b849bab18ce4fe61d9b2b7b6ae5cd547b81f27a3de5ae678f438bfe4fadce8f26a1526ba86a74
  languageName: node
  linkType: hard

"debug@npm:~3.1.0":
  version: 3.1.0
  resolution: "debug@npm:3.1.0"
  dependencies:
    ms: 2.0.0
  checksum: 0b52718ab957254a5b3ca07fc34543bc778f358620c206a08452251eb7fc193c3ea3505072acbf4350219c14e2d71ceb7bdaa0d3370aa630b50da790458d08b3
  languageName: node
  linkType: hard

"dotenv@npm:^10.0.0":
  version: 10.0.0
  resolution: "dotenv@npm:10.0.0"
  checksum: f412c5fe8c24fbe313d302d2500e247ba8a1946492db405a4de4d30dd0eb186a88a43f13c958c5a7de303938949c4231c56994f97d05c4bc1f22478d631b4005
  languageName: node
  linkType: hard

"engine.io-client@npm:~3.5.0":
  version: 3.5.2
  resolution: "engine.io-client@npm:3.5.2"
  dependencies:
    component-emitter: ~1.3.0
    component-inherit: 0.0.3
    debug: ~3.1.0
    engine.io-parser: ~2.2.0
    has-cors: 1.1.0
    indexof: 0.0.1
    parseqs: 0.0.6
    parseuri: 0.0.6
    ws: ~7.4.2
    xmlhttprequest-ssl: ~1.6.2
    yeast: 0.1.2
  checksum: 2a4a8407ea939c45826d3483e39fe017e66d488dfd101282a79644f75196f7b84cac9d6f981e3ace1ab231e2469c18b25d79b114f20ab58d0eaa393bf66f213e
  languageName: node
  linkType: hard

"engine.io-parser@npm:~2.2.0":
  version: 2.2.1
  resolution: "engine.io-parser@npm:2.2.1"
  dependencies:
    after: 0.8.2
    arraybuffer.slice: ~0.0.7
    base64-arraybuffer: 0.1.4
    blob: 0.0.5
    has-binary2: ~1.0.2
  checksum: c7291955c1af4b6c384c2642c2d10a4df0ca7b6acc5cb178dd4933bcb1522eccc3d89ffae6e6080ce760451378fce49db47af3fb9999cae08de310e75f3c29d6
  languageName: node
  linkType: hard

"has-binary2@npm:~1.0.2":
  version: 1.0.3
  resolution: "has-binary2@npm:1.0.3"
  dependencies:
    isarray: 2.0.1
  checksum: 9183a617830b1f50b35961fbe39278cc43089cdac7c47a7f16aafb9d8190553fa360e5da34a479d6c988db40ea10aa02bca5abcb2451b5fc3924ae2f013ffdab
  languageName: node
  linkType: hard

"has-cors@npm:1.1.0":
  version: 1.1.0
  resolution: "has-cors@npm:1.1.0"
  checksum: 549ce94113fd23895b22d71ade9809918577b8558cd4d701fe79045d8b1d58d87eba870260b28f6a3229be933a691c55653afd496d0fc52e98fd2ff577f01197
  languageName: node
  linkType: hard

"indexof@npm:0.0.1":
  version: 0.0.1
  resolution: "indexof@npm:0.0.1"
  checksum: 0fb04e8b147b8585d981a6df1564f25bb3678d6fa74e33e5cecc1464b10f78e15e8ef6bb688f135fe5c2844a128fac8a7831cbe5adc81fdcf12681b093dfcc25
  languageName: node
  linkType: hard

"isarray@npm:2.0.1":
  version: 2.0.1
  resolution: "isarray@npm:2.0.1"
  checksum: a0521973213019b82889f028a41528ce7a3f103a710357b6875066202ee5a1fa9ae4135f915f3be9160b8c7a3ae4b39b073b804da3b58fa6b72f8b4b1e3dfef5
  languageName: node
  linkType: hard

"ms@npm:2.0.0":
  version: 2.0.0
  resolution: "ms@npm:2.0.0"
  checksum: 0e6a22b8b746d2e0b65a430519934fefd41b6db0682e3477c10f60c76e947c4c0ad06f63ffdf1d78d335f83edee8c0aa928aa66a36c7cd95b69b26f468d527f4
  languageName: node
  linkType: hard

"parseqs@npm:0.0.6":
  version: 0.0.6
  resolution: "parseqs@npm:0.0.6"
  checksum: 7fc4ff4ba59764060bb8529875f6d4313056ea6939ff579b22dd7bd6f6033035e1fd2d6a559ab48ef0a7fa29a9d7731c982bfd1594e9115141fe1c328485ce9e
  languageName: node
  linkType: hard

"parseuri@npm:0.0.6":
  version: 0.0.6
  resolution: "parseuri@npm:0.0.6"
  checksum: fa430e40f0c75293a28e5f1023da5f51a5038d5e34c48c517b0d5187143f6bcc67d3091a062b68765db4a22757e488c7d15854f9d1921f2c2b9afa5ca0629a84
  languageName: node
  linkType: hard

"skriptle@workspace:.":
  version: 0.0.0-use.local
  resolution: "skriptle@workspace:."
  dependencies:
    dotenv: ^10.0.0
    socket.io-client: ^2
  languageName: unknown
  linkType: soft

"socket.io-client@npm:^2":
  version: 2.4.0
  resolution: "socket.io-client@npm:2.4.0"
  dependencies:
    backo2: 1.0.2
    component-bind: 1.0.0
    component-emitter: ~1.3.0
    debug: ~3.1.0
    engine.io-client: ~3.5.0
    has-binary2: ~1.0.2
    indexof: 0.0.1
    parseqs: 0.0.6
    parseuri: 0.0.6
    socket.io-parser: ~3.3.0
    to-array: 0.1.4
  checksum: d5f16c6d836f6672f89896e785dccdb15ea4a78719daf9bc7954b5943e6ecbae97a56f4a8a33e22418ab0ce38e05a54770d2080bbf6c6d5c0c3a72b60a895800
  languageName: node
  linkType: hard

"socket.io-parser@npm:~3.3.0":
  version: 3.3.2
  resolution: "socket.io-parser@npm:3.3.2"
  dependencies:
    component-emitter: ~1.3.0
    debug: ~3.1.0
    isarray: 2.0.1
  checksum: 794b3f374faff583a74e2b4fdf55a01761622022d763a0261e3e13889f3088b288caa0f42f092451f7bcc088a4bbad1c48d86871388ff7d5cc5dfc1b15a928b5
  languageName: node
  linkType: hard

"to-array@npm:0.1.4":
  version: 0.1.4
  resolution: "to-array@npm:0.1.4"
  checksum: 396a04df5a5e74df5c8891ebb819d575d626e2929312fec3d649b4d38203bbf7185c270cb31fcad903564743895e935f2e965770bd1c6eb137dde48c4d60788d
  languageName: node
  linkType: hard

"ws@npm:~7.4.2":
  version: 7.4.6
  resolution: "ws@npm:7.4.6"
  peerDependencies:
    bufferutil: ^4.0.1
    utf-8-validate: ^5.0.2
  peerDependenciesMeta:
    bufferutil:
      optional: true
    utf-8-validate:
      optional: true
  checksum: 3a990b32ed08c72070d5e8913e14dfcd831919205be52a3ff0b4cdd998c8d554f167c9df3841605cde8b11d607768cacab3e823c58c96a5c08c987e093eb767a
  languageName: node
  linkType: hard

"xmlhttprequest-ssl@npm:~1.6.2":
  version: 1.6.3
  resolution: "xmlhttprequest-ssl@npm:1.6.3"
  checksum: ac8e5de1cdd170bddb928de75393e8977e7eb80c0d8c24fe4be07f6aa1d5c8e2e42296d29abca6591ec2046cc708c220791ecfa56db43c958b8e4de8e7d39984
  languageName: node
  linkType: hard

"yeast@npm:0.1.2":
  version: 0.1.2
  resolution: "yeast@npm:0.1.2"
  checksum: 81a250b69f601fed541e9518eb2972e75631dd81231689503d7f288612d4eec793b29c208d6807fd6bfc4c2a43614d0c6db233739a4ae6223e244aaed6a885c0
  languageName: node
  linkType: hard
